// !$*UTF8*$!
{
	archiveVersion = 1;
	classes = {
	};
	objectVersion = 77;
	objects = {

/* Begin PBXBuildFile section */
		13248342A2FEDF9044636093 /* NetSnapshot.swift in Sources */ = {isa = PBXBuildFile; fileRef = 3151424C88BE2C0A29C53BB9 /* NetSnapshot.swift */; };
		15F16F5D8E40F2506602922F /* Foundation.framework in Frameworks */ = {isa = PBXBuildFile; fileRef = 7AA500AAA16360FFB17DC89C /* Foundation.framework */; };
		37677319791FDB5DB4474993 /* VelaWidget.appex in Embed Foundation Extensions */ = {isa = PBXBuildFile; fileRef = 74D9EF80B540EB035830EB26 /* VelaWidget.appex */; settings = {ATTRIBUTES = (RemoveHeadersOnCopy, ); }; };
		794101D7B00248B117BE85B8 /* NetSnapshot.swift in Sources */ = {isa = PBXBuildFile; fileRef = 3151424C88BE2C0A29C53BB9 /* NetSnapshot.swift */; };
		A661D3495983CF7F8A6B6540 /* VelaWidget.swift in Sources */ = {isa = PBXBuildFile; fileRef = B26AE8DF7A5FA573CF7A7DDD /* VelaWidget.swift */; };
		CA770DF22F21CABB007EC55F /* StoreKit.framework in Frameworks */ = {isa = PBXBuildFile; fileRef = CA770DF12F21CABB007EC55F /* StoreKit.framework */; };
		CA770E012F231EBE007EC55F /* FinanceTracker.storekit in Resources */ = {isa = PBXBuildFile; fileRef = CA770E002F231EBE007EC55F /* FinanceTracker.storekit */; };
/* End PBXBuildFile section */

/* Begin PBXContainerItemProxy section */
		AF774EFC9345CB6B1C5654BB /* PBXContainerItemProxy */ = {
			isa = PBXContainerItemProxy;
			containerPortal = CA770D772F19983F007EC55F /* Project object */;
			proxyType = 1;
			remoteGlobalIDString = 3E7EECB16321743B355DFE0D;
			remoteInfo = VelaWidget;
		};
		CA770D902F199840007EC55F /* PBXContainerItemProxy */ = {
			isa = PBXContainerItemProxy;
			containerPortal = CA770D772F19983F007EC55F /* Project object */;
			proxyType = 1;
			remoteGlobalIDString = CA770D7E2F19983F007EC55F;
			remoteInfo = FinanceTracker;
		};
		CA770D9A2F199840007EC55F /* PBXContainerItemProxy */ = {
			isa = PBXContainerItemProxy;
			containerPortal = CA770D772F19983F007EC55F /* Project object */;
			proxyType = 1;
			remoteGlobalIDString = CA770D7E2F19983F007EC55F;
			remoteInfo = FinanceTracker;
		};
/* End PBXContainerItemProxy section */

/* Begin PBXCopyFilesBuildPhase section */
		22162D237CA2424DE4615DE4 /* Embed Foundation Extensions */ = {
			isa = PBXCopyFilesBuildPhase;
			buildActionMask = 2147483647;
			dstPath = "";
			dstSubfolderSpec = 13;
			files = (
				37677319791FDB5DB4474993 /* VelaWidget.appex in Embed Foundation Extensions */,
			);
			name = "Embed Foundation Extensions";
			runOnlyForDeploymentPostprocessing = 0;
		};
/* End PBXCopyFilesBuildPhase section */

/* Begin PBXFileReference section */
		2C5B7867BD077522356C2AE1 /* VelaWidget.entitlements */ = {isa = PBXFileReference; includeInIndex = 1; lastKnownFileType = text.plist.entitlements; path = VelaWidget.entitlements; sourceTree = "<group>"; };
		3151424C88BE2C0A29C53BB9 /* NetSnapshot.swift */ = {isa = PBXFileReference; includeInIndex = 1; lastKnownFileType = sourcecode.swift; path = NetSnapshot.swift; sourceTree = "<group>"; };
		7097BCB5E4707D59F8D7B702 /* Info.plist */ = {isa = PBXFileReference; includeInIndex = 1; lastKnownFileType = text.plist.xml; path = Info.plist; sourceTree = "<group>"; };
		74D9EF80B540EB035830EB26 /* VelaWidget.appex */ = {isa = PBXFileReference; explicitFileType = "wrapper.app-extension"; includeInIndex = 0; path = VelaWidget.appex; sourceTree = BUILT_PRODUCTS_DIR; };
		7AA500AAA16360FFB17DC89C /* Foundation.framework */ = {isa = PBXFileReference; lastKnownFileType = wrapper.framework; name = Foundation.framework; path = Platforms/iPhoneOS.platform/Developer/SDKs/iPhoneOS18.0.sdk/System/Library/Frameworks/Foundation.framework; sourceTree = DEVELOPER_DIR; };
		B26AE8DF7A5FA573CF7A7DDD /* VelaWidget.swift */ = {isa = PBXFileReference; includeInIndex = 1; lastKnownFileType = sourcecode.swift; path = VelaWidget.swift; sourceTree = "<group>"; };
		CA770D7F2F19983F007EC55F /* FinanceTracker.app */ = {isa = PBXFileReference; explicitFileType = wrapper.application; includeInIndex = 0; path = FinanceTracker.app; sourceTree = BUILT_PRODUCTS_DIR; };
		CA770D8F2F199840007EC55F /* FinanceTrackerTests.xctest */ = {isa = PBXFileReference; explicitFileType = wrapper.cfbundle; includeInIndex = 0; path = FinanceTrackerTests.xctest; sourceTree = BUILT_PRODUCTS_DIR; };
		CA770D992F199840007EC55F /* FinanceTrackerUITests.xctest */ = {isa = PBXFileReference; explicitFileType = wrapper.cfbundle; includeInIndex = 0; path = FinanceTrackerUITests.xctest; sourceTree = BUILT_PRODUCTS_DIR; };
		CA770DF12F21CABB007EC55F /* StoreKit.framework */ = {isa = PBXFileReference; lastKnownFileType = wrapper.framework; name = StoreKit.framework; path = System/Library/Frameworks/StoreKit.framework; sourceTree = SDKROOT; };
		CA770E002F231EBE007EC55F /* FinanceTracker.storekit */ = {isa = PBXFileReference; lastKnownFileType = text; name = FinanceTracker.storekit; path = FinanceTracker/FinanceTracker.storekit; sourceTree = "<group>"; };
/* End PBXFileReference section */

/* Begin PBXFileSystemSynchronizedBuildFileExceptionSet section */
		CA3534232FEC1F6900E9CAF4 /* Exceptions for "FinanceTracker" folder in "FinanceTracker" target */ = {
			isa = PBXFileSystemSynchronizedBuildFileExceptionSet;
			membershipExceptions = (
				FinanceTracker.storekit,
			);
			target = CA770D7E2F19983F007EC55F /* FinanceTracker */;
		};
/* End PBXFileSystemSynchronizedBuildFileExceptionSet section */

/* Begin PBXFileSystemSynchronizedRootGroup section */
		CA770D812F19983F007EC55F /* FinanceTracker */ = {
			isa = PBXFileSystemSynchronizedRootGroup;
			exceptions = (
				CA3534232FEC1F6900E9CAF4 /* Exceptions for "FinanceTracker" folder in "FinanceTracker" target */,
			);
			path = FinanceTracker;
			sourceTree = "<group>";
		};
		CA770D922F199840007EC55F /* FinanceTrackerTests */ = {
			isa = PBXFileSystemSynchronizedRootGroup;
			path = FinanceTrackerTests;
			sourceTree = "<group>";
		};
		CA770D9C2F199840007EC55F /* FinanceTrackerUITests */ = {
			isa = PBXFileSystemSynchronizedRootGroup;
			path = FinanceTrackerUITests;
			sourceTree = "<group>";
		};
/* End PBXFileSystemSynchronizedRootGroup section */

/* Begin PBXFrameworksBuildPhase section */
		CA770D7C2F19983F007EC55F /* Frameworks */ = {
			isa = PBXFrameworksBuildPhase;
			buildActionMask = 2147483647;
			files = (
				CA770DF22F21CABB007EC55F /* StoreKit.framework in Frameworks */,
			);
			runOnlyForDeploymentPostprocessing = 0;
		};
		CA770D8C2F199840007EC55F /* Frameworks */ = {
			isa = PBXFrameworksBuildPhase;
			buildActionMask = 2147483647;
			files = (
			);
			runOnlyForDeploymentPostprocessing = 0;
		};
		CA770D962F199840007EC55F /* Frameworks */ = {
			isa = PBXFrameworksBuildPhase;
			buildActionMask = 2147483647;
			files = (
			);
			runOnlyForDeploymentPostprocessing = 0;
		};
		F5AAC551AB25C533B5B02722 /* Frameworks */ = {
			isa = PBXFrameworksBuildPhase;
			buildActionMask = 2147483647;
			files = (
				15F16F5D8E40F2506602922F /* Foundation.framework in Frameworks */,
			);
			runOnlyForDeploymentPostprocessing = 0;
		};
/* End PBXFrameworksBuildPhase section */

/* Begin PBXGroup section */
		051D878A8431A454273E5D02 /* iOS */ = {
			isa = PBXGroup;
			children = (
				7AA500AAA16360FFB17DC89C /* Foundation.framework */,
			);
			name = iOS;
			sourceTree = "<group>";
		};
		058F88EE062DE46194BE65CF /* VelaShared */ = {
			isa = PBXGroup;
			children = (
				3151424C88BE2C0A29C53BB9 /* NetSnapshot.swift */,
			);
			path = VelaShared;
			sourceTree = "<group>";
		};
		B06BBD79F0046F46C92E7CC9 /* VelaWidget */ = {
			isa = PBXGroup;
			children = (
				B26AE8DF7A5FA573CF7A7DDD /* VelaWidget.swift */,
				7097BCB5E4707D59F8D7B702 /* Info.plist */,
				2C5B7867BD077522356C2AE1 /* VelaWidget.entitlements */,
			);
			path = VelaWidget;
			sourceTree = "<group>";
		};
		CA770D762F19983F007EC55F = {
			isa = PBXGroup;
			children = (
				CA770E002F231EBE007EC55F /* FinanceTracker.storekit */,
				CA770D922F199840007EC55F /* FinanceTrackerTests */,
				CA770D9C2F199840007EC55F /* FinanceTrackerUITests */,
				CA770D802F19983F007EC55F /* Products */,
				CA770D812F19983F007EC55F /* FinanceTracker */,
				CA770DF02F21CABB007EC55F /* Frameworks */,
				B06BBD79F0046F46C92E7CC9 /* VelaWidget */,
				058F88EE062DE46194BE65CF /* VelaShared */,
			);
			sourceTree = "<group>";
		};
		CA770D802F19983F007EC55F /* Products */ = {
			isa = PBXGroup;
			children = (
				CA770D7F2F19983F007EC55F /* FinanceTracker.app */,
				CA770D8F2F199840007EC55F /* FinanceTrackerTests.xctest */,
				CA770D992F199840007EC55F /* FinanceTrackerUITests.xctest */,
				74D9EF80B540EB035830EB26 /* VelaWidget.appex */,
			);
			name = Products;
			sourceTree = "<group>";
		};
		CA770DF02F21CABB007EC55F /* Frameworks */ = {
			isa = PBXGroup;
			children = (
				CA770DF12F21CABB007EC55F /* StoreKit.framework */,
				051D878A8431A454273E5D02 /* iOS */,
			);
			name = Frameworks;
			sourceTree = "<group>";
		};
/* End PBXGroup section */

/* Begin PBXNativeTarget section */
		3E7EECB16321743B355DFE0D /* VelaWidget */ = {
			isa = PBXNativeTarget;
			buildConfigurationList = 3848D7056509BF0985F3480B /* Build configuration list for PBXNativeTarget "VelaWidget" */;
			buildPhases = (
				DCE5450CBE338AFAF32A9864 /* Sources */,
				F5AAC551AB25C533B5B02722 /* Frameworks */,
				62F00C7DAB95313F525DF122 /* Resources */,
			);
			buildRules = (
			);
			dependencies = (
			);
			name = VelaWidget;
			productName = VelaWidget;
			productReference = 74D9EF80B540EB035830EB26 /* VelaWidget.appex */;
			productType = "com.apple.product-type.app-extension";
		};
		CA770D7E2F19983F007EC55F /* FinanceTracker */ = {
			isa = PBXNativeTarget;
			buildConfigurationList = CA770DA32F199840007EC55F /* Build configuration list for PBXNativeTarget "FinanceTracker" */;
			buildPhases = (
				CA770D7B2F19983F007EC55F /* Sources */,
				CA770D7C2F19983F007EC55F /* Frameworks */,
				CA770D7D2F19983F007EC55F /* Resources */,
				22162D237CA2424DE4615DE4 /* Embed Foundation Extensions */,
			);
			buildRules = (
			);
			dependencies = (
				1E0CD2C1230E77172F87B3D8 /* PBXTargetDependency */,
			);
			fileSystemSynchronizedGroups = (
				CA770D812F19983F007EC55F /* FinanceTracker */,
			);
			name = FinanceTracker;
			productName = FinanceTracker;
			productReference = CA770D7F2F19983F007EC55F /* FinanceTracker.app */;
			productType = "com.apple.product-type.application";
		};
		CA770D8E2F199840007EC55F /* FinanceTrackerTests */ = {
			isa = PBXNativeTarget;
			buildConfigurationList = CA770DA62F199840007EC55F /* Build configuration list for PBXNativeTarget "FinanceTrackerTests" */;
			buildPhases = (
				CA770D8B2F199840007EC55F /* Sources */,
				CA770D8C2F199840007EC55F /* Frameworks */,
				CA770D8D2F199840007EC55F /* Resources */,
			);
			buildRules = (
			);
			dependencies = (
				CA770D912F199840007EC55F /* PBXTargetDependency */,
			);
			fileSystemSynchronizedGroups = (
				CA770D922F199840007EC55F /* FinanceTrackerTests */,
			);
			name = FinanceTrackerTests;
			productName = FinanceTrackerTests;
			productReference = CA770D8F2F199840007EC55F /* FinanceTrackerTests.xctest */;
			productType = "com.apple.product-type.bundle.unit-test";
		};
		CA770D982F199840007EC55F /* FinanceTrackerUITests */ = {
			isa = PBXNativeTarget;
			buildConfigurationList = CA770DA92F199840007EC55F /* Build configuration list for PBXNativeTarget "FinanceTrackerUITests" */;
			buildPhases = (
				CA770D952F199840007EC55F /* Sources */,
				CA770D962F199840007EC55F /* Frameworks */,
				CA770D972F199840007EC55F /* Resources */,
			);
			buildRules = (
			);
			dependencies = (
				CA770D9B2F199840007EC55F /* PBXTargetDependency */,
			);
			fileSystemSynchronizedGroups = (
				CA770D9C2F199840007EC55F /* FinanceTrackerUITests */,
			);
			name = FinanceTrackerUITests;
			productName = FinanceTrackerUITests;
			productReference = CA770D992F199840007EC55F /* FinanceTrackerUITests.xctest */;
			productType = "com.apple.product-type.bundle.ui-testing";
		};
/* End PBXNativeTarget section */

/* Begin PBXProject section */
		CA770D772F19983F007EC55F /* Project object */ = {
			isa = PBXProject;
			attributes = {
				BuildIndependentTargetsInParallel = 1;
				LastSwiftUpdateCheck = 1640;
				LastUpgradeCheck = 2650;
				TargetAttributes = {
					CA770D7E2F19983F007EC55F = {
						CreatedOnToolsVersion = 16.4;
					};
					CA770D8E2F199840007EC55F = {
						CreatedOnToolsVersion = 16.4;
						TestTargetID = CA770D7E2F19983F007EC55F;
					};
					CA770D982F199840007EC55F = {
						CreatedOnToolsVersion = 16.4;
						TestTargetID = CA770D7E2F19983F007EC55F;
					};
				};
			};
			buildConfigurationList = CA770D7A2F19983F007EC55F /* Build configuration list for PBXProject "FinanceTracker" */;
			developmentRegion = en;
			hasScannedForEncodings = 0;
			knownRegions = (
				en,
				Base,
				ru,
				uk,
				fr,
				ja,
				it,
				el,
				es,
				de,
				kk,
				he,
				ar,
				"zh-Hant",
				"zh-HK",
				"zh-Hans",
				hi,
				ko,
				sv,
				tr,
				nl,
				cs,
				fi,
				vi,
				"pt-BR",
				"es-419",
				pl,
				da,
			);
			mainGroup = CA770D762F19983F007EC55F;
			minimizedProjectReferenceProxies = 1;
			preferredProjectObjectVersion = 77;
			productRefGroup = CA770D802F19983F007EC55F /* Products */;
			projectDirPath = "";
			projectRoot = "";
			targets = (
				CA770D7E2F19983F007EC55F /* FinanceTracker */,
				CA770D8E2F199840007EC55F /* FinanceTrackerTests */,
				CA770D982F199840007EC55F /* FinanceTrackerUITests */,
				3E7EECB16321743B355DFE0D /* VelaWidget */,
			);
		};
/* End PBXProject section */

/* Begin PBXResourcesBuildPhase section */
		62F00C7DAB95313F525DF122 /* Resources */ = {
			isa = PBXResourcesBuildPhase;
			buildActionMask = 2147483647;
			files = (
			);
			runOnlyForDeploymentPostprocessing = 0;
		};
		CA770D7D2F19983F007EC55F /* Resources */ = {
			isa = PBXResourcesBuildPhase;
			buildActionMask = 2147483647;
			files = (
				CA770E012F231EBE007EC55F /* FinanceTracker.storekit in Resources */,
			);
			runOnlyForDeploymentPostprocessing = 0;
		};
		CA770D8D2F199840007EC55F /* Resources */ = {
			isa = PBXResourcesBuildPhase;
			buildActionMask = 2147483647;
			files = (
			);
			runOnlyForDeploymentPostprocessing = 0;
		};
		CA770D972F199840007EC55F /* Resources */ = {
			isa = PBXResourcesBuildPhase;
			buildActionMask = 2147483647;
			files = (
			);
			runOnlyForDeploymentPostprocessing = 0;
		};
/* End PBXResourcesBuildPhase section */

/* Begin PBXSourcesBuildPhase section */
		CA770D7B2F19983F007EC55F /* Sources */ = {
			isa = PBXSourcesBuildPhase;
			buildActionMask = 2147483647;
			files = (
				13248342A2FEDF9044636093 /* NetSnapshot.swift in Sources */,
			);
			runOnlyForDeploymentPostprocessing = 0;
		};
		CA770D8B2F199840007EC55F /* Sources */ = {
			isa = PBXSourcesBuildPhase;
			buildActionMask = 2147483647;
			files = (
			);
			runOnlyForDeploymentPostprocessing = 0;
		};
		CA770D952F199840007EC55F /* Sources */ = {
			isa = PBXSourcesBuildPhase;
			buildActionMask = 2147483647;
			files = (
			);
			runOnlyForDeploymentPostprocessing = 0;
		};
		DCE5450CBE338AFAF32A9864 /* Sources */ = {
			isa = PBXSourcesBuildPhase;
			buildActionMask = 2147483647;
			files = (
				A661D3495983CF7F8A6B6540 /* VelaWidget.swift in Sources */,
				794101D7B00248B117BE85B8 /* NetSnapshot.swift in Sources */,
			);
			runOnlyForDeploymentPostprocessing = 0;
		};
/* End PBXSourcesBuildPhase section */

/* Begin PBXTargetDependency section */
		1E0CD2C1230E77172F87B3D8 /* PBXTargetDependency */ = {
			isa = PBXTargetDependency;
			name = VelaWidget;
			target = 3E7EECB16321743B355DFE0D /* VelaWidget */;
			targetProxy = AF774EFC9345CB6B1C5654BB /* PBXContainerItemProxy */;
		};
		CA770D912F199840007EC55F /* PBXTargetDependency */ = {
			isa = PBXTargetDependency;
			target = CA770D7E2F19983F007EC55F /* FinanceTracker */;
			targetProxy = CA770D902F199840007EC55F /* PBXContainerItemProxy */;
		};
		CA770D9B2F199840007EC55F /* PBXTargetDependency */ = {
			isa = PBXTargetDependency;
			target = CA770D7E2F19983F007EC55F /* FinanceTracker */;
			targetProxy = CA770D9A2F199840007EC55F /* PBXContainerItemProxy */;
		};
/* End PBXTargetDependency section */

/* Begin XCBuildConfiguration section */
		32451A38D66BAEB87FC1C012 /* Debug */ = {
			isa = XCBuildConfiguration;
			buildSettings = {
				CLANG_ENABLE_OBJC_WEAK = NO;
				CODE_SIGN_ENTITLEMENTS = VelaWidget/VelaWidget.entitlements;
				CODE_SIGN_STYLE = Automatic;
				CURRENT_PROJECT_VERSION = 1;
				DEVELOPMENT_TEAM = 2867U8T596;
				ENABLE_PREVIEWS = YES;
				GENERATE_INFOPLIST_FILE = NO;
				INFOPLIST_FILE = VelaWidget/Info.plist;
				IPHONEOS_DEPLOYMENT_TARGET = 18.5;
				LD_RUNPATH_SEARCH_PATHS = (
					"$(inherited)",
					"@executable_path/Frameworks",
					"@executable_path/../../Frameworks",
				);
				MARKETING_VERSION = 1.0;
				PRODUCT_BUNDLE_IDENTIFIER = com.dmitrylogachev.budgetcrab.widget;
				PRODUCT_NAME = "$(TARGET_NAME)";
				SDKROOT = iphoneos;
				SKIP_INSTALL = YES;
				SWIFT_EMIT_LOC_STRINGS = YES;
				SWIFT_VERSION = 5.0;
				TARGETED_DEVICE_FAMILY = "1,2";
			};
			name = Debug;
		};
		84D083466BCF2A27BABE39D2 /* Release */ = {
			isa = XCBuildConfiguration;
			buildSettings = {
				CLANG_ENABLE_OBJC_WEAK = NO;
				CODE_SIGN_ENTITLEMENTS = VelaWidget/VelaWidget.entitlements;
				CODE_SIGN_STYLE = Automatic;
				CURRENT_PROJECT_VERSION = 1;
				DEVELOPMENT_TEAM = 2867U8T596;
				ENABLE_PREVIEWS = YES;
				GENERATE_INFOPLIST_FILE = NO;
				INFOPLIST_FILE = VelaWidget/Info.plist;
				IPHONEOS_DEPLOYMENT_TARGET = 18.5;
				LD_RUNPATH_SEARCH_PATHS = (
					"$(inherited)",
					"@executable_path/Frameworks",
					"@executable_path/../../Frameworks",
				);
				MARKETING_VERSION = 1.0;
				PRODUCT_BUNDLE_IDENTIFIER = com.dmitrylogachev.budgetcrab.widget;
				PRODUCT_NAME = "$(TARGET_NAME)";
				SDKROOT = iphoneos;
				SKIP_INSTALL = YES;
				SWIFT_EMIT_LOC_STRINGS = YES;
				SWIFT_VERSION = 5.0;
				TARGETED_DEVICE_FAMILY = "1,2";
				VALIDATE_PRODUCT = YES;
			};
			name = Release;
		};
		CA770DA12F199840007EC55F /* Debug */ = {
			isa = XCBuildConfiguration;
			buildSettings = {
				ALWAYS_SEARCH_USER_PATHS = NO;
				ASSETCATALOG_COMPILER_GENERATE_SWIFT_ASSET_SYMBOL_EXTENSIONS = YES;
				CLANG_ANALYZER_LOCALIZABILITY_NONLOCALIZED = YES;
				CLANG_ANALYZER_NONNULL = YES;
				CLANG_ANALYZER_NUMBER_OBJECT_CONVERSION = YES_AGGRESSIVE;
				CLANG_CXX_LANGUAGE_STANDARD = "gnu++20";
				CLANG_ENABLE_MODULES = YES;
				CLANG_ENABLE_OBJC_ARC = YES;
				CLANG_ENABLE_OBJC_WEAK = YES;
				CLANG_WARN_BLOCK_CAPTURE_AUTORELEASING = YES;
				CLANG_WARN_BOOL_CONVERSION = YES;
				CLANG_WARN_COMMA = YES;
				CLANG_WARN_CONSTANT_CONVERSION = YES;
				CLANG_WARN_DEPRECATED_OBJC_IMPLEMENTATIONS = YES;
				CLANG_WARN_DIRECT_OBJC_ISA_USAGE = YES_ERROR;
				CLANG_WARN_DOCUMENTATION_COMMENTS = YES;
				CLANG_WARN_EMPTY_BODY = YES;
				CLANG_WARN_ENUM_CONVERSION = YES;
				CLANG_WARN_INFINITE_RECURSION = YES;
				CLANG_WARN_INT_CONVERSION = YES;
				CLANG_WARN_NON_LITERAL_NULL_CONVERSION = YES;
				CLANG_WARN_OBJC_IMPLICIT_RETAIN_SELF = YES;
				CLANG_WARN_OBJC_LITERAL_CONVERSION = YES;
				CLANG_WARN_OBJC_ROOT_CLASS = YES_ERROR;
				CLANG_WARN_QUOTED_INCLUDE_IN_FRAMEWORK_HEADER = YES;
				CLANG_WARN_RANGE_LOOP_ANALYSIS = YES;
				CLANG_WARN_STRICT_PROTOTYPES = YES;
				CLANG_WARN_SUSPICIOUS_MOVE = YES;
				CLANG_WARN_UNGUARDED_AVAILABILITY = YES_AGGRESSIVE;
				CLANG_WARN_UNREACHABLE_CODE = YES;
				CLANG_WARN__DUPLICATE_METHOD_MATCH = YES;
				COPY_PHASE_STRIP = NO;
				DEAD_CODE_STRIPPING = YES;
				DEBUG_INFORMATION_FORMAT = dwarf;
				ENABLE_STRICT_OBJC_MSGSEND = YES;
				ENABLE_TESTABILITY = YES;
				ENABLE_USER_SCRIPT_SANDBOXING = YES;
				GCC_C_LANGUAGE_STANDARD = gnu17;
				GCC_DYNAMIC_NO_PIC = NO;
				GCC_NO_COMMON_BLOCKS = YES;
				GCC_OPTIMIZATION_LEVEL = 0;
				GCC_PREPROCESSOR_DEFINITIONS = (
					"DEBUG=1",
					"$(inherited)",
				);
				GCC_WARN_64_TO_32_BIT_CONVERSION = YES;
				GCC_WARN_ABOUT_RETURN_TYPE = YES_ERROR;
				GCC_WARN_UNDECLARED_SELECTOR = YES;
				GCC_WARN_UNINITIALIZED_AUTOS = YES_AGGRESSIVE;
				GCC_WARN_UNUSED_FUNCTION = YES;
				GCC_WARN_UNUSED_VARIABLE = YES;
				LOCALIZATION_PREFERS_STRING_CATALOGS = YES;
				MTL_ENABLE_DEBUG_INFO = INCLUDE_SOURCE;
				MTL_FAST_MATH = YES;
				ONLY_ACTIVE_ARCH = YES;
				STRING_CATALOG_GENERATE_SYMBOLS = YES;
				SWIFT_ACTIVE_COMPILATION_CONDITIONS = "DEBUG $(inherited)";
				SWIFT_OPTIMIZATION_LEVEL = "-Onone";
			};
			name = Debug;
		};
		CA770DA22F199840007EC55F /* Release */ = {
			isa = XCBuildConfiguration;
			buildSettings = {
				ALWAYS_SEARCH_USER_PATHS = NO;
				ASSETCATALOG_COMPILER_GENERATE_SWIFT_ASSET_SYMBOL_EXTENSIONS = YES;
				CLANG_ANALYZER_LOCALIZABILITY_NONLOCALIZED = YES;
				CLANG_ANALYZER_NONNULL = YES;
				CLANG_ANALYZER_NUMBER_OBJECT_CONVERSION = YES_AGGRESSIVE;
				CLANG_CXX_LANGUAGE_STANDARD = "gnu++20";
				CLANG_ENABLE_MODULES = YES;
				CLANG_ENABLE_OBJC_ARC = YES;
				CLANG_ENABLE_OBJC_WEAK = YES;
				CLANG_WARN_BLOCK_CAPTURE_AUTORELEASING = YES;
				CLANG_WARN_BOOL_CONVERSION = YES;
				CLANG_WARN_COMMA = YES;
				CLANG_WARN_CONSTANT_CONVERSION = YES;
				CLANG_WARN_DEPRECATED_OBJC_IMPLEMENTATIONS = YES;
				CLANG_WARN_DIRECT_OBJC_ISA_USAGE = YES_ERROR;
				CLANG_WARN_DOCUMENTATION_COMMENTS = YES;
				CLANG_WARN_EMPTY_BODY = YES;
				CLANG_WARN_ENUM_CONVERSION = YES;
				CLANG_WARN_INFINITE_RECURSION = YES;
				CLANG_WARN_INT_CONVERSION = YES;
				CLANG_WARN_NON_LITERAL_NULL_CONVERSION = YES;
				CLANG_WARN_OBJC_IMPLICIT_RETAIN_SELF = YES;
				CLANG_WARN_OBJC_LITERAL_CONVERSION = YES;
				CLANG_WARN_OBJC_ROOT_CLASS = YES_ERROR;
				CLANG_WARN_QUOTED_INCLUDE_IN_FRAMEWORK_HEADER = YES;
				CLANG_WARN_RANGE_LOOP_ANALYSIS = YES;
				CLANG_WARN_STRICT_PROTOTYPES = YES;
				CLANG_WARN_SUSPICIOUS_MOVE = YES;
				CLANG_WARN_UNGUARDED_AVAILABILITY = YES_AGGRESSIVE;
				CLANG_WARN_UNREACHABLE_CODE = YES;
				CLANG_WARN__DUPLICATE_METHOD_MATCH = YES;
				COPY_PHASE_STRIP = NO;
				DEAD_CODE_STRIPPING = YES;
				DEBUG_INFORMATION_FORMAT = "dwarf-with-dsym";
				ENABLE_NS_ASSERTIONS = NO;
				ENABLE_STRICT_OBJC_MSGSEND = YES;
				ENABLE_USER_SCRIPT_SANDBOXING = YES;
				GCC_C_LANGUAGE_STANDARD = gnu17;
				GCC_NO_COMMON_BLOCKS = YES;
				GCC_WARN_64_TO_32_BIT_CONVERSION = YES;
				GCC_WARN_ABOUT_RETURN_TYPE = YES_ERROR;
				GCC_WARN_UNDECLARED_SELECTOR = YES;
				GCC_WARN_UNINITIALIZED_AUTOS = YES_AGGRESSIVE;
				GCC_WARN_UNUSED_FUNCTION = YES;
				GCC_WARN_UNUSED_VARIABLE = YES;
				LOCALIZATION_PREFERS_STRING_CATALOGS = YES;
				MTL_ENABLE_DEBUG_INFO = NO;
				MTL_FAST_MATH = YES;
				STRING_CATALOG_GENERATE_SYMBOLS = YES;
				SWIFT_COMPILATION_MODE = wholemodule;
			};
			name = Release;
		};
		CA770DA42F199840007EC55F /* Debug */ = {
			isa = XCBuildConfiguration;
			buildSettings = {
				ASSETCATALOG_COMPILER_APPICON_NAME = AppIcon;
				ASSETCATALOG_COMPILER_GLOBAL_ACCENT_COLOR_NAME = AccentColor;
				CODE_SIGN_ENTITLEMENTS = FinanceTracker/FinanceTracker.entitlements;
				CODE_SIGN_STYLE = Automatic;
				CURRENT_PROJECT_VERSION = 1;
				DEAD_CODE_STRIPPING = YES;
				DEVELOPMENT_TEAM = 2867U8T596;
				ENABLE_PREVIEWS = YES;
				GENERATE_INFOPLIST_FILE = YES;
				INFOPLIST_KEY_CFBundleDisplayName = "Budget Crab";
				INFOPLIST_KEY_NSFaceIDUsageDescription = "Budget Crab uses Face ID to protect your financial data. Authentication happens on-device and is never shared.";
				INFOPLIST_KEY_NSMicrophoneUsageDescription = "Budget Crab uses the microphone only when you tap the mic button to dictate a transaction. Audio is processed on your iPhone and is not uploaded.";
				INFOPLIST_KEY_NSSpeechRecognitionUsageDescription = "Budget Crab transcribes your speech on-device using Apple's speech framework. Nothing is sent to a server.";
				"INFOPLIST_KEY_UIApplicationSceneManifest_Generation[sdk=iphoneos*]" = YES;
				"INFOPLIST_KEY_UIApplicationSceneManifest_Generation[sdk=iphonesimulator*]" = YES;
				"INFOPLIST_KEY_UIApplicationSupportsIndirectInputEvents[sdk=iphoneos*]" = YES;
				"INFOPLIST_KEY_UIApplicationSupportsIndirectInputEvents[sdk=iphonesimulator*]" = YES;
				"INFOPLIST_KEY_UILaunchScreen_Generation[sdk=iphoneos*]" = YES;
				"INFOPLIST_KEY_UILaunchScreen_Generation[sdk=iphonesimulator*]" = YES;
				INFOPLIST_KEY_UIRequiresFullScreen = YES;
				"INFOPLIST_KEY_UIStatusBarStyle[sdk=iphoneos*]" = UIStatusBarStyleDefault;
				"INFOPLIST_KEY_UIStatusBarStyle[sdk=iphonesimulator*]" = UIStatusBarStyleDefault;
				INFOPLIST_KEY_UISupportedInterfaceOrientations_iPhone = UIInterfaceOrientationPortrait;
				IPHONEOS_DEPLOYMENT_TARGET = 18.5;
				LD_RUNPATH_SEARCH_PATHS = "@executable_path/Frameworks";
				"LD_RUNPATH_SEARCH_PATHS[sdk=macosx*]" = "@executable_path/../Frameworks";
				MACOSX_DEPLOYMENT_TARGET = 14.0;
				MARKETING_VERSION = 1.0;
				PRODUCT_BUNDLE_IDENTIFIER = com.dmitrylogachev.budgetcrab;
				PRODUCT_NAME = "$(TARGET_NAME)";
				REGISTER_APP_GROUPS = YES;
				SDKROOT = auto;
				SUPPORTED_PLATFORMS = "iphoneos iphonesimulator macosx xros xrsimulator";
				SWIFT_EMIT_LOC_STRINGS = YES;
				SWIFT_VERSION = 5.0;
				TARGETED_DEVICE_FAMILY = "1,2,7";
				XROS_DEPLOYMENT_TARGET = 2.5;
			};
			name = Debug;
		};
		CA770DA52F199840007EC55F /* Release */ = {
			isa = XCBuildConfiguration;
			buildSettings = {
				ASSETCATALOG_COMPILER_APPICON_NAME = AppIcon;
				ASSETCATALOG_COMPILER_GLOBAL_ACCENT_COLOR_NAME = AccentColor;
				CODE_SIGN_ENTITLEMENTS = FinanceTracker/FinanceTracker.entitlements;
				CODE_SIGN_STYLE = Automatic;
				CURRENT_PROJECT_VERSION = 1;
				DEAD_CODE_STRIPPING = YES;
				DEVELOPMENT_TEAM = 2867U8T596;
				ENABLE_PREVIEWS = YES;
				GENERATE_INFOPLIST_FILE = YES;
				INFOPLIST_KEY_CFBundleDisplayName = "Budget Crab";
				INFOPLIST_KEY_NSFaceIDUsageDescription = "Budget Crab uses Face ID to protect your financial data. Authentication happens on-device and is never shared.";
				INFOPLIST_KEY_NSMicrophoneUsageDescription = "Budget Crab uses the microphone only when you tap the mic button to dictate a transaction. Audio is processed on your iPhone and is not uploaded.";
				INFOPLIST_KEY_NSSpeechRecognitionUsageDescription = "Budget Crab transcribes your speech on-device using Apple's speech framework. Nothing is sent to a server.";
				"INFOPLIST_KEY_UIApplicationSceneManifest_Generation[sdk=iphoneos*]" = YES;
				"INFOPLIST_KEY_UIApplicationSceneManifest_Generation[sdk=iphonesimulator*]" = YES;
				"INFOPLIST_KEY_UIApplicationSupportsIndirectInputEvents[sdk=iphoneos*]" = YES;
				"INFOPLIST_KEY_UIApplicationSupportsIndirectInputEvents[sdk=iphonesimulator*]" = YES;
				"INFOPLIST_KEY_UILaunchScreen_Generation[sdk=iphoneos*]" = YES;
				"INFOPLIST_KEY_UILaunchScreen_Generation[sdk=iphonesimulator*]" = YES;
				INFOPLIST_KEY_UIRequiresFullScreen = YES;
				"INFOPLIST_KEY_UIStatusBarStyle[sdk=iphoneos*]" = UIStatusBarStyleDefault;
				"INFOPLIST_KEY_UIStatusBarStyle[sdk=iphonesimulator*]" = UIStatusBarStyleDefault;
				INFOPLIST_KEY_UISupportedInterfaceOrientations_iPhone = UIInterfaceOrientationPortrait;
				IPHONEOS_DEPLOYMENT_TARGET = 18.5;
				LD_RUNPATH_SEARCH_PATHS = "@executable_path/Frameworks";
				"LD_RUNPATH_SEARCH_PATHS[sdk=macosx*]" = "@executable_path/../Frameworks";
				MACOSX_DEPLOYMENT_TARGET = 14.0;
				MARKETING_VERSION = 1.0;
				PRODUCT_BUNDLE_IDENTIFIER = com.dmitrylogachev.budgetcrab;
				PRODUCT_NAME = "$(TARGET_NAME)";
				REGISTER_APP_GROUPS = YES;
				SDKROOT = auto;
				SUPPORTED_PLATFORMS = "iphoneos iphonesimulator macosx xros xrsimulator";
				SWIFT_EMIT_LOC_STRINGS = YES;
				SWIFT_VERSION = 5.0;
				TARGETED_DEVICE_FAMILY = "1,2,7";
				XROS_DEPLOYMENT_TARGET = 2.5;
			};
			name = Release;
		};
		CA770DA72F199840007EC55F /* Debug */ = {
			isa = XCBuildConfiguration;
			buildSettings = {
				BUNDLE_LOADER = "$(TEST_HOST)";
				CODE_SIGN_STYLE = Automatic;
				CURRENT_PROJECT_VERSION = 1;
				DEAD_CODE_STRIPPING = YES;
				GENERATE_INFOPLIST_FILE = YES;
				IPHONEOS_DEPLOYMENT_TARGET = 18.5;
				MACOSX_DEPLOYMENT_TARGET = 15.5;
				MARKETING_VERSION = 1.0;
				PRODUCT_BUNDLE_IDENTIFIER = com.dmitrylogachev.budgetcrab.tests;
				PRODUCT_NAME = "$(TARGET_NAME)";
				SDKROOT = auto;
				SUPPORTED_PLATFORMS = "iphoneos iphonesimulator macosx xros xrsimulator";
				SWIFT_EMIT_LOC_STRINGS = NO;
				SWIFT_VERSION = 5.0;
				TARGETED_DEVICE_FAMILY = "1,2,7";
				TEST_HOST = "$(BUILT_PRODUCTS_DIR)/FinanceTracker.app/$(BUNDLE_EXECUTABLE_FOLDER_PATH)/FinanceTracker";
				XROS_DEPLOYMENT_TARGET = 2.5;
			};
			name = Debug;
		};
		CA770DA82F199840007EC55F /* Release */ = {
			isa = XCBuildConfiguration;
			buildSettings = {
				BUNDLE_LOADER = "$(TEST_HOST)";
				CODE_SIGN_STYLE = Automatic;
				CURRENT_PROJECT_VERSION = 1;
				DEAD_CODE_STRIPPING = YES;
				GENERATE_INFOPLIST_FILE = YES;
				IPHONEOS_DEPLOYMENT_TARGET = 18.5;
				MACOSX_DEPLOYMENT_TARGET = 15.5;
				MARKETING_VERSION = 1.0;
				PRODUCT_BUNDLE_IDENTIFIER = com.dmitrylogachev.budgetcrab.tests;
				PRODUCT_NAME = "$(TARGET_NAME)";
				SDKROOT = auto;
				SUPPORTED_PLATFORMS = "iphoneos iphonesimulator macosx xros xrsimulator";
				SWIFT_EMIT_LOC_STRINGS = NO;
				SWIFT_VERSION = 5.0;
				TARGETED_DEVICE_FAMILY = "1,2,7";
				TEST_HOST = "$(BUILT_PRODUCTS_DIR)/FinanceTracker.app/$(BUNDLE_EXECUTABLE_FOLDER_PATH)/FinanceTracker";
				XROS_DEPLOYMENT_TARGET = 2.5;
			};
			name = Release;
		};
		CA770DAA2F199840007EC55F /* Debug */ = {
			isa = XCBuildConfiguration;
			buildSettings = {
				CODE_SIGN_STYLE = Automatic;
				CURRENT_PROJECT_VERSION = 1;
				DEAD_CODE_STRIPPING = YES;
				GENERATE_INFOPLIST_FILE = YES;
				IPHONEOS_DEPLOYMENT_TARGET = 18.5;
				MACOSX_DEPLOYMENT_TARGET = 15.5;
				MARKETING_VERSION = 1.0;
				PRODUCT_BUNDLE_IDENTIFIER = com.dmitrylogachev.budgetcrab.uitests;
				PRODUCT_NAME = "$(TARGET_NAME)";
				SDKROOT = auto;
				SUPPORTED_PLATFORMS = "iphoneos iphonesimulator macosx xros xrsimulator";
				SWIFT_EMIT_LOC_STRINGS = NO;
				SWIFT_VERSION = 5.0;
				TARGETED_DEVICE_FAMILY = "1,2,7";
				TEST_TARGET_NAME = FinanceTracker;
				XROS_DEPLOYMENT_TARGET = 2.5;
			};
			name = Debug;
		};
		CA770DAB2F199840007EC55F /* Release */ = {
			isa = XCBuildConfiguration;
			buildSettings = {
				CODE_SIGN_STYLE = Automatic;
				CURRENT_PROJECT_VERSION = 1;
				DEAD_CODE_STRIPPING = YES;
				GENERATE_INFOPLIST_FILE = YES;
				IPHONEOS_DEPLOYMENT_TARGET = 18.5;
				MACOSX_DEPLOYMENT_TARGET = 15.5;
				MARKETING_VERSION = 1.0;
				PRODUCT_BUNDLE_IDENTIFIER = com.dmitrylogachev.budgetcrab.uitests;
				PRODUCT_NAME = "$(TARGET_NAME)";
				SDKROOT = auto;
				SUPPORTED_PLATFORMS = "iphoneos iphonesimulator macosx xros xrsimulator";
				SWIFT_EMIT_LOC_STRINGS = NO;
				SWIFT_VERSION = 5.0;
				TARGETED_DEVICE_FAMILY = "1,2,7";
				TEST_TARGET_NAME = FinanceTracker;
				XROS_DEPLOYMENT_TARGET = 2.5;
			};
			name = Release;
		};
/* End XCBuildConfiguration section */

/* Begin XCConfigurationList section */
		3848D7056509BF0985F3480B /* Build configuration list for PBXNativeTarget "VelaWidget" */ = {
			isa = XCConfigurationList;
			buildConfigurations = (
				84D083466BCF2A27BABE39D2 /* Release */,
				32451A38D66BAEB87FC1C012 /* Debug */,
			);
			defaultConfigurationIsVisible = 0;
			defaultConfigurationName = Release;
		};
		CA770D7A2F19983F007EC55F /* Build configuration list for PBXProject "FinanceTracker" */ = {
			isa = XCConfigurationList;
			buildConfigurations = (
				CA770DA12F199840007EC55F /* Debug */,
				CA770DA22F199840007EC55F /* Release */,
			);
			defaultConfigurationIsVisible = 0;
			defaultConfigurationName = Release;
		};
		CA770DA32F199840007EC55F /* Build configuration list for PBXNativeTarget "FinanceTracker" */ = {
			isa = XCConfigurationList;
			buildConfigurations = (
				CA770DA42F199840007EC55F /* Debug */,
				CA770DA52F199840007EC55F /* Release */,
			);
			defaultConfigurationIsVisible = 0;
			defaultConfigurationName = Release;
		};
		CA770DA62F199840007EC55F /* Build configuration list for PBXNativeTarget "FinanceTrackerTests" */ = {
			isa = XCConfigurationList;
			buildConfigurations = (
				CA770DA72F199840007EC55F /* Debug */,
				CA770DA82F199840007EC55F /* Release */,
			);
			defaultConfigurationIsVisible = 0;
			defaultConfigurationName = Release;
		};
		CA770DA92F199840007EC55F /* Build configuration list for PBXNativeTarget "FinanceTrackerUITests" */ = {
			isa = XCConfigurationList;
			buildConfigurations = (
				CA770DAA2F199840007EC55F /* Debug */,
				CA770DAB2F199840007EC55F /* Release */,
			);
			defaultConfigurationIsVisible = 0;
			defaultConfigurationName = Release;
		};
/* End XCConfigurationList section */
	};
	rootObject = CA770D772F19983F007EC55F /* Project object */;
}
